
Microsoft Visual Studio Solution File, Format Version 12.00
# Visual Studio 15
VisualStudioVersion = 15.0.27102.0
MinimumVisualStudioVersion = 10.0.40219.1
Project("{FAE04EC0-301F-11D3-BF4B-00C04F79EFBC}") = "LoadedImageSurfaceBugRepro", "LoadedImageSurfaceBugRepro\LoadedImageSurfaceBugRepro.csproj", "{297CBF84-0B6A-4DFA-A0BE-6B7BC37BABFC}"
EndProject
Global
	GlobalSection(SolutionConfigurationPlatforms) = preSolution
		Debug|ARM = Debug|ARM
		Debug|x64 = Debug|x64
		Debug|x86 = Debug|x86
		Release|ARM = Release|ARM
		Release|x64 = Release|x64
		Release|x86 = Release|x86
	EndGlobalSection
	GlobalSection(ProjectConfigurationPlatforms) = postSolution
		{297CBF84-0B6A-4DFA-A0BE-6B7BC37BABFC}.Debug|ARM.ActiveCfg = Debug|ARM
		{297CBF84-0B6A-4DFA-A0BE-6B7BC37BABFC}.Debug|ARM.Build.0 = Debug|ARM
		{297CBF84-0B6A-4DFA-A0BE-6B7BC37BABFC}.Debug|ARM.Deploy.0 = Debug|ARM
		{297CBF84-0B6A-4DFA-A0BE-6B7BC37BABFC}.Debug|x64.ActiveCfg = Debug|x64
		{297CBF84-0B6A-4DFA-A0BE-6B7BC37BABFC}.Debug|x64.Build.0 = Debug|x64
		{297CBF84-0B6A-4DFA-A0BE-6B7BC37BABFC}.Debug|x64.Deploy.0 = Debug|x64
		{297CBF84-0B6A-4DFA-A0BE-6B7BC37BABFC}.Debug|x86.ActiveCfg = Debug|x86
		{297CBF84-0B6A-4DFA-A0BE-6B7BC37BABFC}.Debug|x86.Build.0 = Debug|x86
		{297CBF84-0B6A-4DFA-A0BE-6B7BC37BABFC}.Debug|x86.Deploy.0 = Debug|x86
		{297CBF84-0B6A-4DFA-A0BE-6B7BC37BABFC}.Release|ARM.ActiveCfg = Release|ARM
		{297CBF84-0B6A-4DFA-A0BE-6B7BC37BABFC}.Release|ARM.Build.0 = Release|ARM
		{297CBF84-0B6A-4DFA-A0BE-6B7BC37BABFC}.Release|ARM.Deploy.0 = Release|ARM
		{297CBF84-0B6A-4DFA-A0BE-6B7BC37BABFC}.Release|x64.ActiveCfg = Release|x64
		{297CBF84-0B6A-4DFA-A0BE-6B7BC37BABFC}.Release|x64.Build.0 = Release|x64
		{297CBF84-0B6A-4DFA-A0BE-6B7BC37BABFC}.Release|x64.Deploy.0 = Release|x64
		{297CBF84-0B6A-4DFA-A0BE-6B7BC37BABFC}.Release|x86.ActiveCfg = Release|x86
		{297CBF84-0B6A-4DFA-A0BE-6B7BC37BABFC}.Release|x86.Build.0 = Release|x86
		{297CBF84-0B6A-4DFA-A0BE-6B7BC37BABFC}.Release|x86.Deploy.0 = Release|x86
	EndGlobalSection
	GlobalSection(SolutionProperties) = preSolution
		HideSolutionNode = FALSE
	EndGlobalSection
	GlobalSection(ExtensibilityGlobals) = postSolution
		SolutionGuid = {5AB3C61C-2661-48B1-A0CD-872A2CA65CBF}
	EndGlobalSection
EndGlobal
